
Microsoft Visual Studio Solution File, Format Version 12.00
# Visual Studio Version 16
VisualStudioVersion = 16.0.30204.135
MinimumVisualStudioVersion = 10.0.40219.1
Project("{FAE04EC0-301F-11D3-BF4B-00C04F79EFBC}") = "BookStore-API", "BookStore-API\BookStore-API.csproj", "{F4A14AB7-F8F9-4450-8006-E697F26A3AE5}"
EndProject
Global
	GlobalSection(SolutionConfigurationPlatforms) = preSolution
		Debug|Any CPU = Debug|Any CPU
		Release|Any CPU = Release|Any CPU
	EndGlobalSection
	GlobalSection(ProjectConfigurationPlatforms) = postSolution
		{F4A14AB7-F8F9-4450-8006-E697F26A3AE5}.Debug|Any CPU.ActiveCfg = Debug|Any CPU
		{F4A14AB7-F8F9-4450-8006-E697F26A3AE5}.Debug|Any CPU.Build.0 = Debug|Any CPU
		{F4A14AB7-F8F9-4450-8006-E697F26A3AE5}.Release|Any CPU.ActiveCfg = Release|Any CPU
		{F4A14AB7-F8F9-4450-8006-E697F26A3AE5}.Release|Any CPU.Build.0 = Release|Any CPU
	EndGlobalSection
	GlobalSection(SolutionProperties) = preSolution
		HideSolutionNode = FALSE
	EndGlobalSection
	GlobalSection(ExtensibilityGlobals) = postSolution
		SolutionGuid = {853B18FA-5D10-4C11-823D-7E1E28F85ABB}
	EndGlobalSection
EndGlobal
